
Microsoft Visual Studio Solution File, Format Version 12.00
# Visual Studio Version 16
VisualStudioVersion = 16.0.29613.14
MinimumVisualStudioVersion = 10.0.40219.1
Project("{9A19103F-16F7-4668-BE54-9A1E7A4F7556}") = "EA.Usage.Tracking.Client", "EA.Usage.Tracking.Client\EA.Usage.Tracking.Client.csproj", "{173A3F11-DA80-4BC3-9F96-DC13A3588012}"
EndProject
Project("{FAE04EC0-301F-11D3-BF4B-00C04F79EFBC}") = "EA.Usage.Tracking.Client.Test", "EA.Usage.Tracking.Client.Test\EA.Usage.Tracking.Client.Test.csproj", "{A9EC9E92-EF35-4063-9656-BD5180717420}"
EndProject
Global
	GlobalSection(SolutionConfigurationPlatforms) = preSolution
		Debug|Any CPU = Debug|Any CPU
		Release|Any CPU = Release|Any CPU
	EndGlobalSection
	GlobalSection(ProjectConfigurationPlatforms) = postSolution
		{173A3F11-DA80-4BC3-9F96-DC13A3588012}.Debug|Any CPU.ActiveCfg = Debug|Any CPU
		{173A3F11-DA80-4BC3-9F96-DC13A3588012}.Debug|Any CPU.Build.0 = Debug|Any CPU
		{173A3F11-DA80-4BC3-9F96-DC13A3588012}.Release|Any CPU.ActiveCfg = Release|Any CPU
		{173A3F11-DA80-4BC3-9F96-DC13A3588012}.Release|Any CPU.Build.0 = Release|Any CPU
		{A9EC9E92-EF35-4063-9656-BD5180717420}.Debug|Any CPU.ActiveCfg = Debug|Any CPU
		{A9EC9E92-EF35-4063-9656-BD5180717420}.Debug|Any CPU.Build.0 = Debug|Any CPU
		{A9EC9E92-EF35-4063-9656-BD5180717420}.Release|Any CPU.ActiveCfg = Release|Any CPU
		{A9EC9E92-EF35-4063-9656-BD5180717420}.Release|Any CPU.Build.0 = Release|Any CPU
	EndGlobalSection
	GlobalSection(SolutionProperties) = preSolution
		HideSolutionNode = FALSE
	EndGlobalSection
	GlobalSection(ExtensibilityGlobals) = postSolution
		SolutionGuid = {C8AA21F1-DB6E-4A8A-B8C8-43509C7679B2}
	EndGlobalSection
EndGlobal
